
Microsoft Visual Studio Solution File, Format Version 12.00
# Visual Studio Version 17
VisualStudioVersion = 17.11.35208.52
MinimumVisualStudioVersion = 10.0.40219.1
Project("{FAE04EC0-301F-11D3-BF4B-00C04F79EFBC}") = "ejercicio#1", "ejercicio#1\ejercicio#1.csproj", "{9E315B1A-BCBB-4D90-A325-FA348ACE5E3D}"
EndProject
Global
	GlobalSection(SolutionConfigurationPlatforms) = preSolution
		Debug|Any CPU = Debug|Any CPU
		Release|Any CPU = Release|Any CPU
	EndGlobalSection
	GlobalSection(ProjectConfigurationPlatforms) = postSolution
		{9E315B1A-BCBB-4D90-A325-FA348ACE5E3D}.Debug|Any CPU.ActiveCfg = Debug|Any CPU
		{9E315B1A-BCBB-4D90-A325-FA348ACE5E3D}.Debug|Any CPU.Build.0 = Debug|Any CPU
		{9E315B1A-BCBB-4D90-A325-FA348ACE5E3D}.Release|Any CPU.ActiveCfg = Release|Any CPU
		{9E315B1A-BCBB-4D90-A325-FA348ACE5E3D}.Release|Any CPU.Build.0 = Release|Any CPU
	EndGlobalSection
	GlobalSection(SolutionProperties) = preSolution
		HideSolutionNode = FALSE
	EndGlobalSection
	GlobalSection(ExtensibilityGlobals) = postSolution
		SolutionGuid = {BB5AABDB-A09A-41A7-8374-090ADF863EC8}
	EndGlobalSection
EndGlobal
